// !$*UTF8*$!
{
	archiveVersion = 1;
	classes = {
	};
	objectVersion = 50;
	objects = {

/* Begin PBXBuildFile section */
		1B489DFD28E13C1100739D33 /* AppDelegate.swift in Sources */ = {isa = PBXBuildFile; fileRef = 1B489DFC28E13C1100739D33 /* AppDelegate.swift */; };
		1B489DFF28E13C1100739D33 /* SceneDelegate.swift in Sources */ = {isa = PBXBuildFile; fileRef = 1B489DFE28E13C1100739D33 /* SceneDelegate.swift */; };
		1B489E0128E13C1100739D33 /* ViewController.swift in Sources */ = {isa = PBXBuildFile; fileRef = 1B489E0028E13C1100739D33 /* ViewController.swift */; };
		1B489E0428E13C1100739D33 /* Main.storyboard in Resources */ = {isa = PBXBuildFile; fileRef = 1B489E0228E13C1100739D33 /* Main.storyboard */; };
		1B489E0728E13C1100739D33 /* IMC.xcdatamodeld in Sources */ = {isa = PBXBuildFile; fileRef = 1B489E0528E13C1100739D33 /* IMC.xcdatamodeld */; };
		1B489E0928E13C1300739D33 /* Assets.xcassets in Resources */ = {isa = PBXBuildFile; fileRef = 1B489E0828E13C1300739D33 /* Assets.xcassets */; };
		1B489E0C28E13C1300739D33 /* LaunchScreen.storyboard in Resources */ = {isa = PBXBuildFile; fileRef = 1B489E0A28E13C1300739D33 /* LaunchScreen.storyboard */; };
		1B489E1728E13C1300739D33 /* IMCTests.swift in Sources */ = {isa = PBXBuildFile; fileRef = 1B489E1628E13C1300739D33 /* IMCTests.swift */; };
		1B489E2228E13C1300739D33 /* IMCUITests.swift in Sources */ = {isa = PBXBuildFile; fileRef = 1B489E2128E13C1300739D33 /* IMCUITests.swift */; };
		1BD6282028E1443E00768E1C /* Calculation.swift in Sources */ = {isa = PBXBuildFile; fileRef = 1BD6281F28E1443E00768E1C /* Calculation.swift */; };
/* End PBXBuildFile section */

/* Begin PBXContainerItemProxy section */
		1B489E1328E13C1300739D33 /* PBXContainerItemProxy */ = {
			isa = PBXContainerItemProxy;
			containerPortal = 1B489DF128E13C1100739D33 /* Project object */;
			proxyType = 1;
			remoteGlobalIDString = 1B489DF828E13C1100739D33;
			remoteInfo = IMC;
		};
		1B489E1E28E13C1300739D33 /* PBXContainerItemProxy */ = {
			isa = PBXContainerItemProxy;
			containerPortal = 1B489DF128E13C1100739D33 /* Project object */;
			proxyType = 1;
			remoteGlobalIDString = 1B489DF828E13C1100739D33;
			remoteInfo = IMC;
		};
/* End PBXContainerItemProxy section */

/* Begin PBXFileReference section */
		1B489DF928E13C1100739D33 /* IMC.app */ = {isa = PBXFileReference; explicitFileType = wrapper.application; includeInIndex = 0; path = IMC.app; sourceTree = BUILT_PRODUCTS_DIR; };
		1B489DFC28E13C1100739D33 /* AppDelegate.swift */ = {isa = PBXFileReference; lastKnownFileType = sourcecode.swift; path = AppDelegate.swift; sourceTree = "<group>"; };
		1B489DFE28E13C1100739D33 /* SceneDelegate.swift */ = {isa = PBXFileReference; lastKnownFileType = sourcecode.swift; path = SceneDelegate.swift; sourceTree = "<group>"; };
		1B489E0028E13C1100739D33 /* ViewController.swift */ = {isa = PBXFileReference; lastKnownFileType = sourcecode.swift; path = ViewController.swift; sourceTree = "<group>"; };
		1B489E0328E13C1100739D33 /* Base */ = {isa = PBXFileReference; lastKnownFileType = file.storyboard; name = Base; path = Base.lproj/Main.storyboard; sourceTree = "<group>"; };
		1B489E0628E13C1100739D33 /* IMC.xcdatamodel */ = {isa = PBXFileReference; lastKnownFileType = wrapper.xcdatamodel; path = IMC.xcdatamodel; sourceTree = "<group>"; };
		1B489E0828E13C1300739D33 /* Assets.xcassets */ = {isa = PBXFileReference; lastKnownFileType = folder.assetcatalog; path = Assets.xcassets; sourceTree = "<group>"; };
		1B489E0B28E13C1300739D33 /* Base */ = {isa = PBXFileReference; lastKnownFileType = file.storyboard; name = Base; path = Base.lproj/LaunchScreen.storyboard; sourceTree = "<group>"; };
		1B489E0D28E13C1300739D33 /* Info.plist */ = {isa = PBXFileReference; lastKnownFileType = text.plist.xml; path = Info.plist; sourceTree = "<group>"; };
		1B489E1228E13C1300739D33 /* IMCTests.xctest */ = {isa = PBXFileReference; explicitFileType = wrapper.cfbundle; includeInIndex = 0; path = IMCTests.xctest; sourceTree = BUILT_PRODUCTS_DIR; };
		1B489E1628E13C1300739D33 /* IMCTests.swift */ = {isa = PBXFileReference; lastKnownFileType = sourcecode.swift; path = IMCTests.swift; sourceTree = "<group>"; };
		1B489E1828E13C1300739D33 /* Info.plist */ = {isa = PBXFileReference; lastKnownFileType = text.plist.xml; path = Info.plist; sourceTree = "<group>"; };
		1B489E1D28E13C1300739D33 /* IMCUITests.xctest */ = {isa = PBXFileReference; explicitFileType = wrapper.cfbundle; includeInIndex = 0; path = IMCUITests.xctest; sourceTree = BUILT_PRODUCTS_DIR; };
		1B489E2128E13C1300739D33 /* IMCUITests.swift */ = {isa = PBXFileReference; lastKnownFileType = sourcecode.swift; path = IMCUITests.swift; sourceTree = "<group>"; };
		1B489E2328E13C1300739D33 /* Info.plist */ = {isa = PBXFileReference; lastKnownFileType = text.plist.xml; path = Info.plist; sourceTree = "<group>"; };
		1BD6281F28E1443E00768E1C /* Calculation.swift */ = {isa = PBXFileReference; lastKnownFileType = sourcecode.swift; path = Calculation.swift; sourceTree = "<group>"; };
/* End PBXFileReference section */

/* Begin PBXFrameworksBuildPhase section */
		1B489DF628E13C1100739D33 /* Frameworks */ = {
			isa = PBXFrameworksBuildPhase;
			buildActionMask = 2147483647;
			files = (
			);
			runOnlyForDeploymentPostprocessing = 0;
		};
		1B489E0F28E13C1300739D33 /* Frameworks */ = {
			isa = PBXFrameworksBuildPhase;
			buildActionMask = 2147483647;
			files = (
			);
			runOnlyForDeploymentPostprocessing = 0;
		};
		1B489E1A28E13C1300739D33 /* Frameworks */ = {
			isa = PBXFrameworksBuildPhase;
			buildActionMask = 2147483647;
			files = (
			);
			runOnlyForDeploymentPostprocessing = 0;
		};
/* End PBXFrameworksBuildPhase section */

/* Begin PBXGroup section */
		1B489DF028E13C1100739D33 = {
			isa = PBXGroup;
			children = (
				1B489DFB28E13C1100739D33 /* IMC */,
				1B489E1528E13C1300739D33 /* IMCTests */,
				1B489E2028E13C1300739D33 /* IMCUITests */,
				1B489DFA28E13C1100739D33 /* Products */,
			);
			sourceTree = "<group>";
		};
		1B489DFA28E13C1100739D33 /* Products */ = {
			isa = PBXGroup;
			children = (
				1B489DF928E13C1100739D33 /* IMC.app */,
				1B489E1228E13C1300739D33 /* IMCTests.xctest */,
				1B489E1D28E13C1300739D33 /* IMCUITests.xctest */,
			);
			name = Products;
			sourceTree = "<group>";
		};
		1B489DFB28E13C1100739D33 /* IMC */ = {
			isa = PBXGroup;
			children = (
				1BE9BBC428E1DB9A009B0288 /* AppDelegate */,
				1BD6281E28E1441700768E1C /* Model */,
				1BD6282228E1452B00768E1C /* View */,
				1BD6282328E1453300768E1C /* Controller */,
				1B489E0828E13C1300739D33 /* Assets.xcassets */,
				1B489E0A28E13C1300739D33 /* LaunchScreen.storyboard */,
				1B489E0D28E13C1300739D33 /* Info.plist */,
				1B489E0528E13C1100739D33 /* IMC.xcdatamodeld */,
			);
			path = IMC;
			sourceTree = "<group>";
		};
		1B489E1528E13C1300739D33 /* IMCTests */ = {
			isa = PBXGroup;
			children = (
				1B489E1628E13C1300739D33 /* IMCTests.swift */,
				1B489E1828E13C1300739D33 /* Info.plist */,
			);
			path = IMCTests;
			sourceTree = "<group>";
		};
		1B489E2028E13C1300739D33 /* IMCUITests */ = {
			isa = PBXGroup;
			children = (
				1B489E2128E13C1300739D33 /* IMCUITests.swift */,
				1B489E2328E13C1300739D33 /* Info.plist */,
			);
			path = IMCUITests;
			sourceTree = "<group>";
		};
		1BD6281E28E1441700768E1C /* Model */ = {
			isa = PBXGroup;
			children = (
				1BD6281F28E1443E00768E1C /* Calculation.swift */,
			);
			path = Model;
			sourceTree = "<group>";
		};
		1BD6282228E1452B00768E1C /* View */ = {
			isa = PBXGroup;
			children = (
				1B489E0228E13C1100739D33 /* Main.storyboard */,
			);
			path = View;
			sourceTree = "<group>";
		};
		1BD6282328E1453300768E1C /* Controller */ = {
			isa = PBXGroup;
			children = (
				1B489E0028E13C1100739D33 /* ViewController.swift */,
			);
			path = Controller;
			sourceTree = "<group>";
		};
		1BE9BBC428E1DB9A009B0288 /* AppDelegate */ = {
			isa = PBXGroup;
			children = (
				1B489DFE28E13C1100739D33 /* SceneDelegate.swift */,
				1B489DFC28E13C1100739D33 /* AppDelegate.swift */,
			);
			path = AppDelegate;
			sourceTree = "<group>";
		};
/* End PBXGroup section */

/* Begin PBXNativeTarget section */
		1B489DF828E13C1100739D33 /* IMC */ = {
			isa = PBXNativeTarget;
			buildConfigurationList = 1B489E2628E13C1300739D33 /* Build configuration list for PBXNativeTarget "IMC" */;
			buildPhases = (
				1B489DF528E13C1100739D33 /* Sources */,
				1B489DF628E13C1100739D33 /* Frameworks */,
				1B489DF728E13C1100739D33 /* Resources */,
			);
			buildRules = (
			);
			dependencies = (
			);
			name = IMC;
			productName = IMC;
			productReference = 1B489DF928E13C1100739D33 /* IMC.app */;
			productType = "com.apple.product-type.application";
		};
		1B489E1128E13C1300739D33 /* IMCTests */ = {
			isa = PBXNativeTarget;
			buildConfigurationList = 1B489E2928E13C1300739D33 /* Build configuration list for PBXNativeTarget "IMCTests" */;
			buildPhases = (
				1B489E0E28E13C1300739D33 /* Sources */,
				1B489E0F28E13C1300739D33 /* Frameworks */,
				1B489E1028E13C1300739D33 /* Resources */,
			);
			buildRules = (
			);
			dependencies = (
				1B489E1428E13C1300739D33 /* PBXTargetDependency */,
			);
			name = IMCTests;
			productName = IMCTests;
			productReference = 1B489E1228E13C1300739D33 /* IMCTests.xctest */;
			productType = "com.apple.product-type.bundle.unit-test";
		};
		1B489E1C28E13C1300739D33 /* IMCUITests */ = {
			isa = PBXNativeTarget;
			buildConfigurationList = 1B489E2C28E13C1300739D33 /* Build configuration list for PBXNativeTarget "IMCUITests" */;
			buildPhases = (
				1B489E1928E13C1300739D33 /* Sources */,
				1B489E1A28E13C1300739D33 /* Frameworks */,
				1B489E1B28E13C1300739D33 /* Resources */,
			);
			buildRules = (
			);
			dependencies = (
				1B489E1F28E13C1300739D33 /* PBXTargetDependency */,
			);
			name = IMCUITests;
			productName = IMCUITests;
			productReference = 1B489E1D28E13C1300739D33 /* IMCUITests.xctest */;
			productType = "com.apple.product-type.bundle.ui-testing";
		};
/* End PBXNativeTarget section */

/* Begin PBXProject section */
		1B489DF128E13C1100739D33 /* Project object */ = {
			isa = PBXProject;
			attributes = {
				LastSwiftUpdateCheck = 1250;
				LastUpgradeCheck = 1250;
				TargetAttributes = {
					1B489DF828E13C1100739D33 = {
						CreatedOnToolsVersion = 12.5.1;
					};
					1B489E1128E13C1300739D33 = {
						CreatedOnToolsVersion = 12.5.1;
						TestTargetID = 1B489DF828E13C1100739D33;
					};
					1B489E1C28E13C1300739D33 = {
						CreatedOnToolsVersion = 12.5.1;
						TestTargetID = 1B489DF828E13C1100739D33;
					};
				};
			};
			buildConfigurationList = 1B489DF428E13C1100739D33 /* Build configuration list for PBXProject "IMC" */;
			compatibilityVersion = "Xcode 9.3";
			developmentRegion = en;
			hasScannedForEncodings = 0;
			knownRegions = (
				en,
				Base,
			);
			mainGroup = 1B489DF028E13C1100739D33;
			productRefGroup = 1B489DFA28E13C1100739D33 /* Products */;
			projectDirPath = "";
			projectRoot = "";
			targets = (
				1B489DF828E13C1100739D33 /* IMC */,
				1B489E1128E13C1300739D33 /* IMCTests */,
				1B489E1C28E13C1300739D33 /* IMCUITests */,
			);
		};
/* End PBXProject section */

/* Begin PBXResourcesBuildPhase section */
		1B489DF728E13C1100739D33 /* Resources */ = {
			isa = PBXResourcesBuildPhase;
			buildActionMask = 2147483647;
			files = (
				1B489E0C28E13C1300739D33 /* LaunchScreen.storyboard in Resources */,
				1B489E0928E13C1300739D33 /* Assets.xcassets in Resources */,
				1B489E0428E13C1100739D33 /* Main.storyboard in Resources */,
			);
			runOnlyForDeploymentPostprocessing = 0;
		};
		1B489E1028E13C1300739D33 /* Resources */ = {
			isa = PBXResourcesBuildPhase;
			buildActionMask = 2147483647;
			files = (
			);
			runOnlyForDeploymentPostprocessing = 0;
		};
		1B489E1B28E13C1300739D33 /* Resources */ = {
			isa = PBXResourcesBuildPhase;
			buildActionMask = 2147483647;
			files = (
			);
			runOnlyForDeploymentPostprocessing = 0;
		};
/* End PBXResourcesBuildPhase section */

/* Begin PBXSourcesBuildPhase section */
		1B489DF528E13C1100739D33 /* Sources */ = {
			isa = PBXSourcesBuildPhase;
			buildActionMask = 2147483647;
			files = (
				1B489E0128E13C1100739D33 /* ViewController.swift in Sources */,
				1B489E0728E13C1100739D33 /* IMC.xcdatamodeld in Sources */,
				1B489DFD28E13C1100739D33 /* AppDelegate.swift in Sources */,
				1B489DFF28E13C1100739D33 /* SceneDelegate.swift in Sources */,
				1BD6282028E1443E00768E1C /* Calculation.swift in Sources */,
			);
			runOnlyForDeploymentPostprocessing = 0;
		};
		1B489E0E28E13C1300739D33 /* Sources */ = {
			isa = PBXSourcesBuildPhase;
			buildActionMask = 2147483647;
			files = (
				1B489E1728E13C1300739D33 /* IMCTests.swift in Sources */,
			);
			runOnlyForDeploymentPostprocessing = 0;
		};
		1B489E1928E13C1300739D33 /* Sources */ = {
			isa = PBXSourcesBuildPhase;
			buildActionMask = 2147483647;
			files = (
				1B489E2228E13C1300739D33 /* IMCUITests.swift in Sources */,
			);
			runOnlyForDeploymentPostprocessing = 0;
		};
/* End PBXSourcesBuildPhase section */

/* Begin PBXTargetDependency section */
		1B489E1428E13C1300739D33 /* PBXTargetDependency */ = {
			isa = PBXTargetDependency;
			target = 1B489DF828E13C1100739D33 /* IMC */;
			targetProxy = 1B489E1328E13C1300739D33 /* PBXContainerItemProxy */;
		};
		1B489E1F28E13C1300739D33 /* PBXTargetDependency */ = {
			isa = PBXTargetDependency;
			target = 1B489DF828E13C1100739D33 /* IMC */;
			targetProxy = 1B489E1E28E13C1300739D33 /* PBXContainerItemProxy */;
		};
/* End PBXTargetDependency section */

/* Begin PBXVariantGroup section */
		1B489E0228E13C1100739D33 /* Main.storyboard */ = {
			isa = PBXVariantGroup;
			children = (
				1B489E0328E13C1100739D33 /* Base */,
			);
			name = Main.storyboard;
			sourceTree = "<group>";
		};
		1B489E0A28E13C1300739D33 /* LaunchScreen.storyboard */ = {
			isa = PBXVariantGroup;
			children = (
				1B489E0B28E13C1300739D33 /* Base */,
			);
			name = LaunchScreen.storyboard;
			sourceTree = "<group>";
		};
/* End PBXVariantGroup section */

/* Begin XCBuildConfiguration section */
		1B489E2428E13C1300739D33 /* Debug */ = {
			isa = XCBuildConfiguration;
			buildSettings = {
				ALWAYS_SEARCH_USER_PATHS = NO;
				CLANG_ANALYZER_NONNULL = YES;
				CLANG_ANALYZER_NUMBER_OBJECT_CONVERSION = YES_AGGRESSIVE;
				CLANG_CXX_LANGUAGE_STANDARD = "gnu++14";
				CLANG_CXX_LIBRARY = "libc++";
				CLANG_ENABLE_MODULES = YES;
				CLANG_ENABLE_OBJC_ARC = YES;
				CLANG_ENABLE_OBJC_WEAK = YES;
				CLANG_WARN_BLOCK_CAPTURE_AUTORELEASING = YES;
				CLANG_WARN_BOOL_CONVERSION = YES;
				CLANG_WARN_COMMA = YES;
				CLANG_WARN_CONSTANT_CONVERSION = YES;
				CLANG_WARN_DEPRECATED_OBJC_IMPLEMENTATIONS = YES;
				CLANG_WARN_DIRECT_OBJC_ISA_USAGE = YES_ERROR;
				CLANG_WARN_DOCUMENTATION_COMMENTS = YES;
				CLANG_WARN_EMPTY_BODY = YES;
				CLANG_WARN_ENUM_CONVERSION = YES;
				CLANG_WARN_INFINITE_RECURSION = YES;
				CLANG_WARN_INT_CONVERSION = YES;
				CLANG_WARN_NON_LITERAL_NULL_CONVERSION = YES;
				CLANG_WARN_OBJC_IMPLICIT_RETAIN_SELF = YES;
				CLANG_WARN_OBJC_LITERAL_CONVERSION = YES;
				CLANG_WARN_OBJC_ROOT_CLASS = YES_ERROR;
				CLANG_WARN_QUOTED_INCLUDE_IN_FRAMEWORK_HEADER = YES;
				CLANG_WARN_RANGE_LOOP_ANALYSIS = YES;
				CLANG_WARN_STRICT_PROTOTYPES = YES;
				CLANG_WARN_SUSPICIOUS_MOVE = YES;
				CLANG_WARN_UNGUARDED_AVAILABILITY = YES_AGGRESSIVE;
				CLANG_WARN_UNREACHABLE_CODE = YES;
				CLANG_WARN__DUPLICATE_METHOD_MATCH = YES;
				COPY_PHASE_STRIP = NO;
				DEBUG_INFORMATION_FORMAT = dwarf;
				ENABLE_STRICT_OBJC_MSGSEND = YES;
				ENABLE_TESTABILITY = YES;
				GCC_C_LANGUAGE_STANDARD = gnu11;
				GCC_DYNAMIC_NO_PIC = NO;
				GCC_NO_COMMON_BLOCKS = YES;
				GCC_OPTIMIZATION_LEVEL = 0;
				GCC_PREPROCESSOR_DEFINITIONS = (
					"DEBUG=1",
					"$(inherited)",
				);
				GCC_WARN_64_TO_32_BIT_CONVERSION = YES;
				GCC_WARN_ABOUT_RETURN_TYPE = YES_ERROR;
				GCC_WARN_UNDECLARED_SELECTOR = YES;
				GCC_WARN_UNINITIALIZED_AUTOS = YES_AGGRESSIVE;
				GCC_WARN_UNUSED_FUNCTION = YES;
				GCC_WARN_UNUSED_VARIABLE = YES;
				IPHONEOS_DEPLOYMENT_TARGET = 14.5;
				MTL_ENABLE_DEBUG_INFO = INCLUDE_SOURCE;
				MTL_FAST_MATH = YES;
				ONLY_ACTIVE_ARCH = YES;
				SDKROOT = iphoneos;
				SWIFT_ACTIVE_COMPILATION_CONDITIONS = DEBUG;
				SWIFT_OPTIMIZATION_LEVEL = "-Onone";
			};
			name = Debug;
		};
		1B489E2528E13C1300739D33 /* Release */ = {
			isa = XCBuildConfiguration;
			buildSettings = {
				ALWAYS_SEARCH_USER_PATHS = NO;
				CLANG_ANALYZER_NONNULL = YES;
				CLANG_ANALYZER_NUMBER_OBJECT_CONVERSION = YES_AGGRESSIVE;
				CLANG_CXX_LANGUAGE_STANDARD = "gnu++14";
				CLANG_CXX_LIBRARY = "libc++";
				CLANG_ENABLE_MODULES = YES;
				CLANG_ENABLE_OBJC_ARC = YES;
				CLANG_ENABLE_OBJC_WEAK = YES;
				CLANG_WARN_BLOCK_CAPTURE_AUTORELEASING = YES;
				CLANG_WARN_BOOL_CONVERSION = YES;
				CLANG_WARN_COMMA = YES;
				CLANG_WARN_CONSTANT_CONVERSION = YES;
				CLANG_WARN_DEPRECATED_OBJC_IMPLEMENTATIONS = YES;
				CLANG_WARN_DIRECT_OBJC_ISA_USAGE = YES_ERROR;
				CLANG_WARN_DOCUMENTATION_COMMENTS = YES;
				CLANG_WARN_EMPTY_BODY = YES;
				CLANG_WARN_ENUM_CONVERSION = YES;
				CLANG_WARN_INFINITE_RECURSION = YES;
				CLANG_WARN_INT_CONVERSION = YES;
				CLANG_WARN_NON_LITERAL_NULL_CONVERSION = YES;
				CLANG_WARN_OBJC_IMPLICIT_RETAIN_SELF = YES;
				CLANG_WARN_OBJC_LITERAL_CONVERSION = YES;
				CLANG_WARN_OBJC_ROOT_CLASS = YES_ERROR;
				CLANG_WARN_QUOTED_INCLUDE_IN_FRAMEWORK_HEADER = YES;
				CLANG_WARN_RANGE_LOOP_ANALYSIS = YES;
				CLANG_WARN_STRICT_PROTOTYPES = YES;
				CLANG_WARN_SUSPICIOUS_MOVE = YES;
				CLANG_WARN_UNGUARDED_AVAILABILITY = YES_AGGRESSIVE;
				CLANG_WARN_UNREACHABLE_CODE = YES;
				CLANG_WARN__DUPLICATE_METHOD_MATCH = YES;
				COPY_PHASE_STRIP = NO;
				DEBUG_INFORMATION_FORMAT = "dwarf-with-dsym";
				ENABLE_NS_ASSERTIONS = NO;
				ENABLE_STRICT_OBJC_MSGSEND = YES;
				GCC_C_LANGUAGE_STANDARD = gnu11;
				GCC_NO_COMMON_BLOCKS = YES;
				GCC_WARN_64_TO_32_BIT_CONVERSION = YES;
				GCC_WARN_ABOUT_RETURN_TYPE = YES_ERROR;
				GCC_WARN_UNDECLARED_SELECTOR = YES;
				GCC_WARN_UNINITIALIZED_AUTOS = YES_AGGRESSIVE;
				GCC_WARN_UNUSED_FUNCTION = YES;
				GCC_WARN_UNUSED_VARIABLE = YES;
				IPHONEOS_DEPLOYMENT_TARGET = 14.5;
				MTL_ENABLE_DEBUG_INFO = NO;
				MTL_FAST_MATH = YES;
				SDKROOT = iphoneos;
				SWIFT_COMPILATION_MODE = wholemodule;
				SWIFT_OPTIMIZATION_LEVEL = "-O";
				VALIDATE_PRODUCT = YES;
			};
			name = Release;
		};
		1B489E2728E13C1300739D33 /* Debug */ = {
			isa = XCBuildConfiguration;
			buildSettings = {
				ASSETCATALOG_COMPILER_APPICON_NAME = AppIcon;
				ASSETCATALOG_COMPILER_GLOBAL_ACCENT_COLOR_NAME = AccentColor;
				CODE_SIGN_STYLE = Automatic;
				DEVELOPMENT_TEAM = 4632WH4KAM;
				INFOPLIST_FILE = IMC/Info.plist;
				LD_RUNPATH_SEARCH_PATHS = (
					"$(inherited)",
					"@executable_path/Frameworks",
				);
				PRODUCT_BUNDLE_IDENTIFIER = com.feliperama.cu.IMC;
				PRODUCT_NAME = "$(TARGET_NAME)";
				SWIFT_VERSION = 5.0;
				TARGETED_DEVICE_FAMILY = "1,2";
			};
			name = Debug;
		};
		1B489E2828E13C1300739D33 /* Release */ = {
			isa = XCBuildConfiguration;
			buildSettings = {
				ASSETCATALOG_COMPILER_APPICON_NAME = AppIcon;
				ASSETCATALOG_COMPILER_GLOBAL_ACCENT_COLOR_NAME = AccentColor;
				CODE_SIGN_STYLE = Automatic;
				DEVELOPMENT_TEAM = 4632WH4KAM;
				INFOPLIST_FILE = IMC/Info.plist;
				LD_RUNPATH_SEARCH_PATHS = (
					"$(inherited)",
					"@executable_path/Frameworks",
				);
				PRODUCT_BUNDLE_IDENTIFIER = com.feliperama.cu.IMC;
				PRODUCT_NAME = "$(TARGET_NAME)";
				SWIFT_VERSION = 5.0;
				TARGETED_DEVICE_FAMILY = "1,2";
			};
			name = Release;
		};
		1B489E2A28E13C1300739D33 /* Debug */ = {
			isa = XCBuildConfiguration;
			buildSettings = {
				ALWAYS_EMBED_SWIFT_STANDARD_LIBRARIES = YES;
				BUNDLE_LOADER = "$(TEST_HOST)";
				CODE_SIGN_STYLE = Automatic;
				DEVELOPMENT_TEAM = 4632WH4KAM;
				INFOPLIST_FILE = IMCTests/Info.plist;
				IPHONEOS_DEPLOYMENT_TARGET = 14.5;
				LD_RUNPATH_SEARCH_PATHS = (
					"$(inherited)",
					"@executable_path/Frameworks",
					"@loader_path/Frameworks",
				);
				PRODUCT_BUNDLE_IDENTIFIER = com.feliperama.cu.IMCTests;
				PRODUCT_NAME = "$(TARGET_NAME)";
				SWIFT_VERSION = 5.0;
				TARGETED_DEVICE_FAMILY = "1,2";
				TEST_HOST = "$(BUILT_PRODUCTS_DIR)/IMC.app/IMC";
			};
			name = Debug;
		};
		1B489E2B28E13C1300739D33 /* Release */ = {
			isa = XCBuildConfiguration;
			buildSettings = {
				ALWAYS_EMBED_SWIFT_STANDARD_LIBRARIES = YES;
				BUNDLE_LOADER = "$(TEST_HOST)";
				CODE_SIGN_STYLE = Automatic;
				DEVELOPMENT_TEAM = 4632WH4KAM;
				INFOPLIST_FILE = IMCTests/Info.plist;
				IPHONEOS_DEPLOYMENT_TARGET = 14.5;
				LD_RUNPATH_SEARCH_PATHS = (
					"$(inherited)",
					"@executable_path/Frameworks",
					"@loader_path/Frameworks",
				);
				PRODUCT_BUNDLE_IDENTIFIER = com.feliperama.cu.IMCTests;
				PRODUCT_NAME = "$(TARGET_NAME)";
				SWIFT_VERSION = 5.0;
				TARGETED_DEVICE_FAMILY = "1,2";
				TEST_HOST = "$(BUILT_PRODUCTS_DIR)/IMC.app/IMC";
			};
			name = Release;
		};
		1B489E2D28E13C1300739D33 /* Debug */ = {
			isa = XCBuildConfiguration;
			buildSettings = {
				ALWAYS_EMBED_SWIFT_STANDARD_LIBRARIES = YES;
				CODE_SIGN_STYLE = Automatic;
				DEVELOPMENT_TEAM = 4632WH4KAM;
				INFOPLIST_FILE = IMCUITests/Info.plist;
				LD_RUNPATH_SEARCH_PATHS = (
					"$(inherited)",
					"@executable_path/Frameworks",
					"@loader_path/Frameworks",
				);
				PRODUCT_BUNDLE_IDENTIFIER = com.feliperama.cu.IMCUITests;
				PRODUCT_NAME = "$(TARGET_NAME)";
				SWIFT_VERSION = 5.0;
				TARGETED_DEVICE_FAMILY = "1,2";
				TEST_TARGET_NAME = IMC;
			};
			name = Debug;
		};
		1B489E2E28E13C1300739D33 /* Release */ = {
			isa = XCBuildConfiguration;
			buildSettings = {
				ALWAYS_EMBED_SWIFT_STANDARD_LIBRARIES = YES;
				CODE_SIGN_STYLE = Automatic;
				DEVELOPMENT_TEAM = 4632WH4KAM;
				INFOPLIST_FILE = IMCUITests/Info.plist;
				LD_RUNPATH_SEARCH_PATHS = (
					"$(inherited)",
					"@executable_path/Frameworks",
					"@loader_path/Frameworks",
				);
				PRODUCT_BUNDLE_IDENTIFIER = com.feliperama.cu.IMCUITests;
				PRODUCT_NAME = "$(TARGET_NAME)";
				SWIFT_VERSION = 5.0;
				TARGETED_DEVICE_FAMILY = "1,2";
				TEST_TARGET_NAME = IMC;
			};
			name = Release;
		};
/* End XCBuildConfiguration section */

/* Begin XCConfigurationList section */
		1B489DF428E13C1100739D33 /* Build configuration list for PBXProject "IMC" */ = {
			isa = XCConfigurationList;
			buildConfigurations = (
				1B489E2428E13C1300739D33 /* Debug */,
				1B489E2528E13C1300739D33 /* Release */,
			);
			defaultConfigurationIsVisible = 0;
			defaultConfigurationName = Release;
		};
		1B489E2628E13C1300739D33 /* Build configuration list for PBXNativeTarget "IMC" */ = {
			isa = XCConfigurationList;
			buildConfigurations = (
				1B489E2728E13C1300739D33 /* Debug */,
				1B489E2828E13C1300739D33 /* Release */,
			);
			defaultConfigurationIsVisible = 0;
			defaultConfigurationName = Release;
		};
		1B489E2928E13C1300739D33 /* Build configuration list for PBXNativeTarget "IMCTests" */ = {
			isa = XCConfigurationList;
			buildConfigurations = (
				1B489E2A28E13C1300739D33 /* Debug */,
				1B489E2B28E13C1300739D33 /* Release */,
			);
			defaultConfigurationIsVisible = 0;
			defaultConfigurationName = Release;
		};
		1B489E2C28E13C1300739D33 /* Build configuration list for PBXNativeTarget "IMCUITests" */ = {
			isa = XCConfigurationList;
			buildConfigurations = (
				1B489E2D28E13C1300739D33 /* Debug */,
				1B489E2E28E13C1300739D33 /* Release */,
			);
			defaultConfigurationIsVisible = 0;
			defaultConfigurationName = Release;
		};
/* End XCConfigurationList section */

/* Begin XCVersionGroup section */
		1B489E0528E13C1100739D33 /* IMC.xcdatamodeld */ = {
			isa = XCVersionGroup;
			children = (
				1B489E0628E13C1100739D33 /* IMC.xcdatamodel */,
			);
			currentVersion = 1B489E0628E13C1100739D33 /* IMC.xcdatamodel */;
			path = IMC.xcdatamodeld;
			sourceTree = "<group>";
			versionGroupType = wrapper.xcdatamodel;
		};
/* End XCVersionGroup section */
	};
	rootObject = 1B489DF128E13C1100739D33 /* Project object */;
}
